
Microsoft Visual Studio Solution File, Format Version 12.00
# Visual Studio 15
VisualStudioVersion = 15.0.27428.2005
MinimumVisualStudioVersion = 10.0.40219.1
Project("{FAE04EC0-301F-11D3-BF4B-00C04F79EFBC}") = "VeryCustomUI.Android", "VeryCustomUI\VeryCustomUI.Android\VeryCustomUI.Android.csproj", "{20101525-9CBE-4688-843F-BE5A84C5D01C}"
EndProject
Project("{FAE04EC0-301F-11D3-BF4B-00C04F79EFBC}") = "VeryCustomUI.iOS", "VeryCustomUI\VeryCustomUI.iOS\VeryCustomUI.iOS.csproj", "{63DDD670-CC73-4411-AE28-24191D17A8BF}"
EndProject
Project("{D954291E-2A0B-460D-934E-DC6B0785DB48}") = "VeryCustomUI", "VeryCustomUI\VeryCustomUI\VeryCustomUI.shproj", "{9B735D57-A404-49E9-802F-C8429BAE2818}"
EndProject
Global
	GlobalSection(SharedMSBuildProjectFiles) = preSolution
		VeryCustomUI\VeryCustomUI\VeryCustomUI.projitems*{20101525-9cbe-4688-843f-be5a84c5d01c}*SharedItemsImports = 4
		VeryCustomUI\VeryCustomUI\VeryCustomUI.projitems*{63ddd670-cc73-4411-ae28-24191d17a8bf}*SharedItemsImports = 4
		VeryCustomUI\VeryCustomUI\VeryCustomUI.projitems*{9b735d57-a404-49e9-802f-c8429bae2818}*SharedItemsImports = 13
	EndGlobalSection
	GlobalSection(SolutionConfigurationPlatforms) = preSolution
		Ad-Hoc|Any CPU = Ad-Hoc|Any CPU
		Ad-Hoc|iPhone = Ad-Hoc|iPhone
		Ad-Hoc|iPhoneSimulator = Ad-Hoc|iPhoneSimulator
		AppStore|Any CPU = AppStore|Any CPU
		AppStore|iPhone = AppStore|iPhone
		AppStore|iPhoneSimulator = AppStore|iPhoneSimulator
		Debug|Any CPU = Debug|Any CPU
		Debug|iPhone = Debug|iPhone
		Debug|iPhoneSimulator = Debug|iPhoneSimulator
		Release|Any CPU = Release|Any CPU
		Release|iPhone = Release|iPhone
		Release|iPhoneSimulator = Release|iPhoneSimulator
	EndGlobalSection
	GlobalSection(ProjectConfigurationPlatforms) = postSolution
		{20101525-9CBE-4688-843F-BE5A84C5D01C}.Ad-Hoc|Any CPU.ActiveCfg = Release|Any CPU
		{20101525-9CBE-4688-843F-BE5A84C5D01C}.Ad-Hoc|Any CPU.Build.0 = Release|Any CPU
		{20101525-9CBE-4688-843F-BE5A84C5D01C}.Ad-Hoc|Any CPU.Deploy.0 = Release|Any CPU
		{20101525-9CBE-4688-843F-BE5A84C5D01C}.Ad-Hoc|iPhone.ActiveCfg = Release|Any CPU
		{20101525-9CBE-4688-843F-BE5A84C5D01C}.Ad-Hoc|iPhone.Build.0 = Release|Any CPU
		{20101525-9CBE-4688-843F-BE5A84C5D01C}.Ad-Hoc|iPhone.Deploy.0 = Release|Any CPU
		{20101525-9CBE-4688-843F-BE5A84C5D01C}.Ad-Hoc|iPhoneSimulator.ActiveCfg = Release|Any CPU
		{20101525-9CBE-4688-843F-BE5A84C5D01C}.Ad-Hoc|iPhoneSimulator.Build.0 = Release|Any CPU
		{20101525-9CBE-4688-843F-BE5A84C5D01C}.Ad-Hoc|iPhoneSimulator.Deploy.0 = Release|Any CPU
		{20101525-9CBE-4688-843F-BE5A84C5D01C}.AppStore|Any CPU.ActiveCfg = Release|Any CPU
		{20101525-9CBE-4688-843F-BE5A84C5D01C}.AppStore|Any CPU.Build.0 = Release|Any CPU
		{20101525-9CBE-4688-843F-BE5A84C5D01C}.AppStore|Any CPU.Deploy.0 = Release|Any CPU
		{20101525-9CBE-4688-843F-BE5A84C5D01C}.AppStore|iPhone.ActiveCfg = Release|Any CPU
		{20101525-9CBE-4688-843F-BE5A84C5D01C}.AppStore|iPhone.Build.0 = Release|Any CPU
		{20101525-9CBE-4688-843F-BE5A84C5D01C}.AppStore|iPhone.Deploy.0 = Release|Any CPU
		{20101525-9CBE-4688-843F-BE5A84C5D01C}.AppStore|iPhoneSimulator.ActiveCfg = Release|Any CPU
		{20101525-9CBE-4688-843F-BE5A84C5D01C}.AppStore|iPhoneSimulator.Build.0 = Release|Any CPU
		{20101525-9CBE-4688-843F-BE5A84C5D01C}.AppStore|iPhoneSimulator.Deploy.0 = Release|Any CPU
		{20101525-9CBE-4688-843F-BE5A84C5D01C}.Debug|Any CPU.ActiveCfg = Debug|Any CPU
		{20101525-9CBE-4688-843F-BE5A84C5D01C}.Debug|Any CPU.Build.0 = Debug|Any CPU
		{20101525-9CBE-4688-843F-BE5A84C5D01C}.Debug|Any CPU.Deploy.0 = Debug|Any CPU
		{20101525-9CBE-4688-843F-BE5A84C5D01C}.Debug|iPhone.ActiveCfg = Debug|Any CPU
		{20101525-9CBE-4688-843F-BE5A84C5D01C}.Debug|iPhone.Build.0 = Debug|Any CPU
		{20101525-9CBE-4688-843F-BE5A84C5D01C}.Debug|iPhone.Deploy.0 = Debug|Any CPU
		{20101525-9CBE-4688-843F-BE5A84C5D01C}.Debug|iPhoneSimulator.ActiveCfg = Debug|Any CPU
		{20101525-9CBE-4688-843F-BE5A84C5D01C}.Debug|iPhoneSimulator.Build.0 = Debug|Any CPU
		{20101525-9CBE-4688-843F-BE5A84C5D01C}.Debug|iPhoneSimulator.Deploy.0 = Debug|Any CPU
		{20101525-9CBE-4688-843F-BE5A84C5D01C}.Release|Any CPU.ActiveCfg = Release|Any CPU
		{20101525-9CBE-4688-843F-BE5A84C5D01C}.Release|Any CPU.Build.0 = Release|Any CPU
		{20101525-9CBE-4688-843F-BE5A84C5D01C}.Release|Any CPU.Deploy.0 = Release|Any CPU
		{20101525-9CBE-4688-843F-BE5A84C5D01C}.Release|iPhone.ActiveCfg = Release|Any CPU
		{20101525-9CBE-4688-843F-BE5A84C5D01C}.Release|iPhone.Build.0 = Release|Any CPU
		{20101525-9CBE-4688-843F-BE5A84C5D01C}.Release|iPhone.Deploy.0 = Release|Any CPU
		{20101525-9CBE-4688-843F-BE5A84C5D01C}.Release|iPhoneSimulator.ActiveCfg = Release|Any CPU
		{20101525-9CBE-4688-843F-BE5A84C5D01C}.Release|iPhoneSimulator.Build.0 = Release|Any CPU
		{20101525-9CBE-4688-843F-BE5A84C5D01C}.Release|iPhoneSimulator.Deploy.0 = Release|Any CPU
		{63DDD670-CC73-4411-AE28-24191D17A8BF}.Ad-Hoc|Any CPU.ActiveCfg = Ad-Hoc|iPhone
		{63DDD670-CC73-4411-AE28-24191D17A8BF}.Ad-Hoc|iPhone.ActiveCfg = Ad-Hoc|iPhone
		{63DDD670-CC73-4411-AE28-24191D17A8BF}.Ad-Hoc|iPhone.Build.0 = Ad-Hoc|iPhone
		{63DDD670-CC73-4411-AE28-24191D17A8BF}.Ad-Hoc|iPhoneSimulator.ActiveCfg = Ad-Hoc|iPhoneSimulator
		{63DDD670-CC73-4411-AE28-24191D17A8BF}.Ad-Hoc|iPhoneSimulator.Build.0 = Ad-Hoc|iPhoneSimulator
		{63DDD670-CC73-4411-AE28-24191D17A8BF}.AppStore|Any CPU.ActiveCfg = AppStore|iPhone
		{63DDD670-CC73-4411-AE28-24191D17A8BF}.AppStore|iPhone.ActiveCfg = AppStore|iPhone
		{63DDD670-CC73-4411-AE28-24191D17A8BF}.AppStore|iPhone.Build.0 = AppStore|iPhone
		{63DDD670-CC73-4411-AE28-24191D17A8BF}.AppStore|iPhoneSimulator.ActiveCfg = AppStore|iPhoneSimulator
		{63DDD670-CC73-4411-AE28-24191D17A8BF}.AppStore|iPhoneSimulator.Build.0 = AppStore|iPhoneSimulator
		{63DDD670-CC73-4411-AE28-24191D17A8BF}.Debug|Any CPU.ActiveCfg = Debug|iPhone
		{63DDD670-CC73-4411-AE28-24191D17A8BF}.Debug|iPhone.ActiveCfg = Debug|iPhone
		{63DDD670-CC73-4411-AE28-24191D17A8BF}.Debug|iPhone.Build.0 = Debug|iPhone
		{63DDD670-CC73-4411-AE28-24191D17A8BF}.Debug|iPhoneSimulator.ActiveCfg = Debug|iPhoneSimulator
		{63DDD670-CC73-4411-AE28-24191D17A8BF}.Debug|iPhoneSimulator.Build.0 = Debug|iPhoneSimulator
		{63DDD670-CC73-4411-AE28-24191D17A8BF}.Release|Any CPU.ActiveCfg = Release|iPhone
		{63DDD670-CC73-4411-AE28-24191D17A8BF}.Release|iPhone.ActiveCfg = Release|iPhone
		{63DDD670-CC73-4411-AE28-24191D17A8BF}.Release|iPhone.Build.0 = Release|iPhone
		{63DDD670-CC73-4411-AE28-24191D17A8BF}.Release|iPhoneSimulator.ActiveCfg = Release|iPhoneSimulator
		{63DDD670-CC73-4411-AE28-24191D17A8BF}.Release|iPhoneSimulator.Build.0 = Release|iPhoneSimulator
	EndGlobalSection
	GlobalSection(SolutionProperties) = preSolution
		HideSolutionNode = FALSE
	EndGlobalSection
	GlobalSection(ExtensibilityGlobals) = postSolution
		SolutionGuid = {669B304B-F2C9-4E71-9E61-EA24570275AB}
	EndGlobalSection
EndGlobal
